
Microsoft Visual Studio Solution File, Format Version 12.00
# Visual Studio Version 16
VisualStudioVersion = 16.0.30711.63
MinimumVisualStudioVersion = 10.0.40219.1
Project("{FAE04EC0-301F-11D3-BF4B-00C04F79EFBC}") = "Restaurant", "Restaurant\Restaurant.csproj", "{08315216-E9ED-4EAF-9A5D-841EF4B2C8AB}"
EndProject
Global
	GlobalSection(SolutionConfigurationPlatforms) = preSolution
		Debug|Any CPU = Debug|Any CPU
		Release|Any CPU = Release|Any CPU
	EndGlobalSection
	GlobalSection(ProjectConfigurationPlatforms) = postSolution
		{08315216-E9ED-4EAF-9A5D-841EF4B2C8AB}.Debug|Any CPU.ActiveCfg = Debug|Any CPU
		{08315216-E9ED-4EAF-9A5D-841EF4B2C8AB}.Debug|Any CPU.Build.0 = Debug|Any CPU
		{08315216-E9ED-4EAF-9A5D-841EF4B2C8AB}.Release|Any CPU.ActiveCfg = Release|Any CPU
		{08315216-E9ED-4EAF-9A5D-841EF4B2C8AB}.Release|Any CPU.Build.0 = Release|Any CPU
	EndGlobalSection
	GlobalSection(SolutionProperties) = preSolution
		HideSolutionNode = FALSE
	EndGlobalSection
	GlobalSection(ExtensibilityGlobals) = postSolution
		SolutionGuid = {C5FA0563-3E96-421D-94AB-BA5E4DD6877C}
	EndGlobalSection
EndGlobal
